// !$*UTF8*$!
{
	archiveVersion = 1;
	classes = {
	};
	objectVersion = 56;
	objects = {

/* Begin PBXBuildFile section */
		AF60F97C2923EF83004177F2 /* AppDelegate.swift in Sources */ = {isa = PBXBuildFile; fileRef = AF60F97B2923EF83004177F2 /* AppDelegate.swift */; };
		AF60F97E2923EF83004177F2 /* SceneDelegate.swift in Sources */ = {isa = PBXBuildFile; fileRef = AF60F97D2923EF83004177F2 /* SceneDelegate.swift */; };
		AF60F9832923EF83004177F2 /* Main.storyboard in Resources */ = {isa = PBXBuildFile; fileRef = AF60F9812923EF83004177F2 /* Main.storyboard */; };
		AF60F9852923EF84004177F2 /* Assets.xcassets in Resources */ = {isa = PBXBuildFile; fileRef = AF60F9842923EF84004177F2 /* Assets.xcassets */; };
		AF60F9882923EF84004177F2 /* LaunchScreen.storyboard in Resources */ = {isa = PBXBuildFile; fileRef = AF60F9862923EF84004177F2 /* LaunchScreen.storyboard */; };
		AF60F9902923EFB0004177F2 /* AppCoordinator.swift in Sources */ = {isa = PBXBuildFile; fileRef = AF60F98F2923EFB0004177F2 /* AppCoordinator.swift */; };
		AF60F9922923F159004177F2 /* EventListCoordinator.swift in Sources */ = {isa = PBXBuildFile; fileRef = AF60F9912923F159004177F2 /* EventListCoordinator.swift */; };
		AF60F9942923F1C0004177F2 /* EventListViewController.swift in Sources */ = {isa = PBXBuildFile; fileRef = AF60F9932923F1C0004177F2 /* EventListViewController.swift */; };
		AF60F9992923F476004177F2 /* UIColor+Extensions.swift in Sources */ = {isa = PBXBuildFile; fileRef = AF60F9982923F476004177F2 /* UIColor+Extensions.swift */; };
		AF6A20342924170600D26F4B /* EventsApp.xcdatamodeld in Sources */ = {isa = PBXBuildFile; fileRef = AF6A20322924170600D26F4B /* EventsApp.xcdatamodeld */; };
		AF6A2036292417B700D26F4B /* CoreDataManager.swift in Sources */ = {isa = PBXBuildFile; fileRef = AF6A2035292417B700D26F4B /* CoreDataManager.swift */; };
		AF6A203A29241BEC00D26F4B /* EventListViewModel.swift in Sources */ = {isa = PBXBuildFile; fileRef = AF6A203929241BEC00D26F4B /* EventListViewModel.swift */; };
		AF6A203C29241D6B00D26F4B /* AddEventCoordinator.swift in Sources */ = {isa = PBXBuildFile; fileRef = AF6A203B29241D6B00D26F4B /* AddEventCoordinator.swift */; };
		AF6A203E29241EEF00D26F4B /* AddEventViewController.swift in Sources */ = {isa = PBXBuildFile; fileRef = AF6A203D29241EEF00D26F4B /* AddEventViewController.swift */; };
		AF6A204029241F5000D26F4B /* UIViewController+Extensions.swift in Sources */ = {isa = PBXBuildFile; fileRef = AF6A203F29241F5000D26F4B /* UIViewController+Extensions.swift */; };
		AF6A20422924206400D26F4B /* AddEventViewModel.swift in Sources */ = {isa = PBXBuildFile; fileRef = AF6A20412924206400D26F4B /* AddEventViewModel.swift */; };
		AF7E986A2925211800D6E2A5 /* AddEventCellViewModel.swift in Sources */ = {isa = PBXBuildFile; fileRef = AF7E98692925211800D6E2A5 /* AddEventCellViewModel.swift */; };
		AF7E986D2925214000D6E2A5 /* AddEventCell.swift in Sources */ = {isa = PBXBuildFile; fileRef = AF7E986C2925214000D6E2A5 /* AddEventCell.swift */; };
		AFB172CD29266D8800D05E22 /* PhotoPickerCoordinator.swift in Sources */ = {isa = PBXBuildFile; fileRef = AFB172CC29266D8800D05E22 /* PhotoPickerCoordinator.swift */; };
		AFB172CF2926752900D05E22 /* EventsCellBuilder.swift in Sources */ = {isa = PBXBuildFile; fileRef = AFB172CE2926752900D05E22 /* EventsCellBuilder.swift */; };
/* End PBXBuildFile section */

/* Begin PBXFileReference section */
		AF60F9782923EF83004177F2 /* EventsApp.app */ = {isa = PBXFileReference; explicitFileType = wrapper.application; includeInIndex = 0; path = EventsApp.app; sourceTree = BUILT_PRODUCTS_DIR; };
		AF60F97B2923EF83004177F2 /* AppDelegate.swift */ = {isa = PBXFileReference; lastKnownFileType = sourcecode.swift; path = AppDelegate.swift; sourceTree = "<group>"; };
		AF60F97D2923EF83004177F2 /* SceneDelegate.swift */ = {isa = PBXFileReference; lastKnownFileType = sourcecode.swift; path = SceneDelegate.swift; sourceTree = "<group>"; };
		AF60F9822923EF83004177F2 /* Base */ = {isa = PBXFileReference; lastKnownFileType = file.storyboard; name = Base; path = Base.lproj/Main.storyboard; sourceTree = "<group>"; };
		AF60F9842923EF84004177F2 /* Assets.xcassets */ = {isa = PBXFileReference; lastKnownFileType = folder.assetcatalog; path = Assets.xcassets; sourceTree = "<group>"; };
		AF60F9872923EF84004177F2 /* Base */ = {isa = PBXFileReference; lastKnownFileType = file.storyboard; name = Base; path = Base.lproj/LaunchScreen.storyboard; sourceTree = "<group>"; };
		AF60F9892923EF84004177F2 /* Info.plist */ = {isa = PBXFileReference; lastKnownFileType = text.plist.xml; path = Info.plist; sourceTree = "<group>"; };
		AF60F98F2923EFB0004177F2 /* AppCoordinator.swift */ = {isa = PBXFileReference; lastKnownFileType = sourcecode.swift; path = AppCoordinator.swift; sourceTree = "<group>"; };
		AF60F9912923F159004177F2 /* EventListCoordinator.swift */ = {isa = PBXFileReference; lastKnownFileType = sourcecode.swift; path = EventListCoordinator.swift; sourceTree = "<group>"; };
		AF60F9932923F1C0004177F2 /* EventListViewController.swift */ = {isa = PBXFileReference; lastKnownFileType = sourcecode.swift; path = EventListViewController.swift; sourceTree = "<group>"; };
		AF60F9982923F476004177F2 /* UIColor+Extensions.swift */ = {isa = PBXFileReference; lastKnownFileType = sourcecode.swift; path = "UIColor+Extensions.swift"; sourceTree = "<group>"; };
		AF6A20332924170600D26F4B /* EventsApp.xcdatamodel */ = {isa = PBXFileReference; lastKnownFileType = wrapper.xcdatamodel; path = EventsApp.xcdatamodel; sourceTree = "<group>"; };
		AF6A2035292417B700D26F4B /* CoreDataManager.swift */ = {isa = PBXFileReference; lastKnownFileType = sourcecode.swift; path = CoreDataManager.swift; sourceTree = "<group>"; };
		AF6A203929241BEC00D26F4B /* EventListViewModel.swift */ = {isa = PBXFileReference; lastKnownFileType = sourcecode.swift; path = EventListViewModel.swift; sourceTree = "<group>"; };
		AF6A203B29241D6B00D26F4B /* AddEventCoordinator.swift */ = {isa = PBXFileReference; lastKnownFileType = sourcecode.swift; path = AddEventCoordinator.swift; sourceTree = "<group>"; };
		AF6A203D29241EEF00D26F4B /* AddEventViewController.swift */ = {isa = PBXFileReference; lastKnownFileType = sourcecode.swift; path = AddEventViewController.swift; sourceTree = "<group>"; };
		AF6A203F29241F5000D26F4B /* UIViewController+Extensions.swift */ = {isa = PBXFileReference; lastKnownFileType = sourcecode.swift; path = "UIViewController+Extensions.swift"; sourceTree = "<group>"; };
		AF6A20412924206400D26F4B /* AddEventViewModel.swift */ = {isa = PBXFileReference; lastKnownFileType = sourcecode.swift; path = AddEventViewModel.swift; sourceTree = "<group>"; };
		AF7E98692925211800D6E2A5 /* AddEventCellViewModel.swift */ = {isa = PBXFileReference; lastKnownFileType = sourcecode.swift; path = AddEventCellViewModel.swift; sourceTree = "<group>"; };
		AF7E986C2925214000D6E2A5 /* AddEventCell.swift */ = {isa = PBXFileReference; lastKnownFileType = sourcecode.swift; path = AddEventCell.swift; sourceTree = "<group>"; };
		AFB172CC29266D8800D05E22 /* PhotoPickerCoordinator.swift */ = {isa = PBXFileReference; lastKnownFileType = sourcecode.swift; path = PhotoPickerCoordinator.swift; sourceTree = "<group>"; };
		AFB172CE2926752900D05E22 /* EventsCellBuilder.swift */ = {isa = PBXFileReference; lastKnownFileType = sourcecode.swift; path = EventsCellBuilder.swift; sourceTree = "<group>"; };
/* End PBXFileReference section */

/* Begin PBXFrameworksBuildPhase section */
		AF60F9752923EF83004177F2 /* Frameworks */ = {
			isa = PBXFrameworksBuildPhase;
			buildActionMask = 2147483647;
			files = (
			);
			runOnlyForDeploymentPostprocessing = 0;
		};
/* End PBXFrameworksBuildPhase section */

/* Begin PBXGroup section */
		AF60F96F2923EF83004177F2 = {
			isa = PBXGroup;
			children = (
				AF60F97A2923EF83004177F2 /* EventsApp */,
				AF60F9792923EF83004177F2 /* Products */,
			);
			sourceTree = "<group>";
		};
		AF60F9792923EF83004177F2 /* Products */ = {
			isa = PBXGroup;
			children = (
				AF60F9782923EF83004177F2 /* EventsApp.app */,
			);
			name = Products;
			sourceTree = "<group>";
		};
		AF60F97A2923EF83004177F2 /* EventsApp */ = {
			isa = PBXGroup;
			children = (
				AF7E986B2925213100D6E2A5 /* Views */,
				AF6A20432924236800D26F4B /* ViewModels */,
				AF6A202F2924169D00D26F4B /* Extensions */,
				AF6A2031292416BE00D26F4B /* Coordinators */,
				AF6A2030292416B400D26F4B /* Controllers */,
				AF60F97B2923EF83004177F2 /* AppDelegate.swift */,
				AF60F97D2923EF83004177F2 /* SceneDelegate.swift */,
				AF60F9812923EF83004177F2 /* Main.storyboard */,
				AF60F9842923EF84004177F2 /* Assets.xcassets */,
				AF60F9862923EF84004177F2 /* LaunchScreen.storyboard */,
				AF60F9892923EF84004177F2 /* Info.plist */,
				AF6A20322924170600D26F4B /* EventsApp.xcdatamodeld */,
				AF6A2035292417B700D26F4B /* CoreDataManager.swift */,
				AFB172CE2926752900D05E22 /* EventsCellBuilder.swift */,
			);
			path = EventsApp;
			sourceTree = "<group>";
		};
		AF6A202F2924169D00D26F4B /* Extensions */ = {
			isa = PBXGroup;
			children = (
				AF60F9982923F476004177F2 /* UIColor+Extensions.swift */,
				AF6A203F29241F5000D26F4B /* UIViewController+Extensions.swift */,
			);
			path = Extensions;
			sourceTree = "<group>";
		};
		AF6A2030292416B400D26F4B /* Controllers */ = {
			isa = PBXGroup;
			children = (
				AF60F9932923F1C0004177F2 /* EventListViewController.swift */,
				AF6A203D29241EEF00D26F4B /* AddEventViewController.swift */,
			);
			path = Controllers;
			sourceTree = "<group>";
		};
		AF6A2031292416BE00D26F4B /* Coordinators */ = {
			isa = PBXGroup;
			children = (
				AF60F98F2923EFB0004177F2 /* AppCoordinator.swift */,
				AF60F9912923F159004177F2 /* EventListCoordinator.swift */,
				AF6A203B29241D6B00D26F4B /* AddEventCoordinator.swift */,
				AFB172CC29266D8800D05E22 /* PhotoPickerCoordinator.swift */,
			);
			path = Coordinators;
			sourceTree = "<group>";
		};
		AF6A20432924236800D26F4B /* ViewModels */ = {
			isa = PBXGroup;
			children = (
				AF6A203929241BEC00D26F4B /* EventListViewModel.swift */,
				AF6A20412924206400D26F4B /* AddEventViewModel.swift */,
				AF7E98692925211800D6E2A5 /* AddEventCellViewModel.swift */,
			);
			path = ViewModels;
			sourceTree = "<group>";
		};
		AF7E986B2925213100D6E2A5 /* Views */ = {
			isa = PBXGroup;
			children = (
				AF7E986C2925214000D6E2A5 /* AddEventCell.swift */,
			);
			path = Views;
			sourceTree = "<group>";
		};
/* End PBXGroup section */

/* Begin PBXNativeTarget section */
		AF60F9772923EF83004177F2 /* EventsApp */ = {
			isa = PBXNativeTarget;
			buildConfigurationList = AF60F98C2923EF84004177F2 /* Build configuration list for PBXNativeTarget "EventsApp" */;
			buildPhases = (
				AF60F9742923EF83004177F2 /* Sources */,
				AF60F9752923EF83004177F2 /* Frameworks */,
				AF60F9762923EF83004177F2 /* Resources */,
			);
			buildRules = (
			);
			dependencies = (
			);
			name = EventsApp;
			productName = EventsApp;
			productReference = AF60F9782923EF83004177F2 /* EventsApp.app */;
			productType = "com.apple.product-type.application";
		};
/* End PBXNativeTarget section */

/* Begin PBXProject section */
		AF60F9702923EF83004177F2 /* Project object */ = {
			isa = PBXProject;
			attributes = {
				BuildIndependentTargetsInParallel = 1;
				LastSwiftUpdateCheck = 1410;
				LastUpgradeCheck = 1410;
				TargetAttributes = {
					AF60F9772923EF83004177F2 = {
						CreatedOnToolsVersion = 14.1;
					};
				};
			};
			buildConfigurationList = AF60F9732923EF83004177F2 /* Build configuration list for PBXProject "EventsApp" */;
			compatibilityVersion = "Xcode 14.0";
			developmentRegion = en;
			hasScannedForEncodings = 0;
			knownRegions = (
				en,
				Base,
			);
			mainGroup = AF60F96F2923EF83004177F2;
			productRefGroup = AF60F9792923EF83004177F2 /* Products */;
			projectDirPath = "";
			projectRoot = "";
			targets = (
				AF60F9772923EF83004177F2 /* EventsApp */,
			);
		};
/* End PBXProject section */

/* Begin PBXResourcesBuildPhase section */
		AF60F9762923EF83004177F2 /* Resources */ = {
			isa = PBXResourcesBuildPhase;
			buildActionMask = 2147483647;
			files = (
				AF60F9882923EF84004177F2 /* LaunchScreen.storyboard in Resources */,
				AF60F9852923EF84004177F2 /* Assets.xcassets in Resources */,
				AF60F9832923EF83004177F2 /* Main.storyboard in Resources */,
			);
			runOnlyForDeploymentPostprocessing = 0;
		};
/* End PBXResourcesBuildPhase section */

/* Begin PBXSourcesBuildPhase section */
		AF60F9742923EF83004177F2 /* Sources */ = {
			isa = PBXSourcesBuildPhase;
			buildActionMask = 2147483647;
			files = (
				AF7E986A2925211800D6E2A5 /* AddEventCellViewModel.swift in Sources */,
				AF60F9902923EFB0004177F2 /* AppCoordinator.swift in Sources */,
				AF6A203E29241EEF00D26F4B /* AddEventViewController.swift in Sources */,
				AFB172CD29266D8800D05E22 /* PhotoPickerCoordinator.swift in Sources */,
				AF6A204029241F5000D26F4B /* UIViewController+Extensions.swift in Sources */,
				AF6A20422924206400D26F4B /* AddEventViewModel.swift in Sources */,
				AF6A20342924170600D26F4B /* EventsApp.xcdatamodeld in Sources */,
				AF60F9942923F1C0004177F2 /* EventListViewController.swift in Sources */,
				AF60F9992923F476004177F2 /* UIColor+Extensions.swift in Sources */,
				AF60F97C2923EF83004177F2 /* AppDelegate.swift in Sources */,
				AF6A2036292417B700D26F4B /* CoreDataManager.swift in Sources */,
				AFB172CF2926752900D05E22 /* EventsCellBuilder.swift in Sources */,
				AF6A203A29241BEC00D26F4B /* EventListViewModel.swift in Sources */,
				AF60F97E2923EF83004177F2 /* SceneDelegate.swift in Sources */,
				AF7E986D2925214000D6E2A5 /* AddEventCell.swift in Sources */,
				AF6A203C29241D6B00D26F4B /* AddEventCoordinator.swift in Sources */,
				AF60F9922923F159004177F2 /* EventListCoordinator.swift in Sources */,
			);
			runOnlyForDeploymentPostprocessing = 0;
		};
/* End PBXSourcesBuildPhase section */

/* Begin PBXVariantGroup section */
		AF60F9812923EF83004177F2 /* Main.storyboard */ = {
			isa = PBXVariantGroup;
			children = (
				AF60F9822923EF83004177F2 /* Base */,
			);
			name = Main.storyboard;
			sourceTree = "<group>";
		};
		AF60F9862923EF84004177F2 /* LaunchScreen.storyboard */ = {
			isa = PBXVariantGroup;
			children = (
				AF60F9872923EF84004177F2 /* Base */,
			);
			name = LaunchScreen.storyboard;
			sourceTree = "<group>";
		};
/* End PBXVariantGroup section */

/* Begin XCBuildConfiguration section */
		AF60F98A2923EF84004177F2 /* Debug */ = {
			isa = XCBuildConfiguration;
			buildSettings = {
				ALWAYS_SEARCH_USER_PATHS = NO;
				CLANG_ANALYZER_NONNULL = YES;
				CLANG_ANALYZER_NUMBER_OBJECT_CONVERSION = YES_AGGRESSIVE;
				CLANG_CXX_LANGUAGE_STANDARD = "gnu++20";
				CLANG_ENABLE_MODULES = YES;
				CLANG_ENABLE_OBJC_ARC = YES;
				CLANG_ENABLE_OBJC_WEAK = YES;
				CLANG_WARN_BLOCK_CAPTURE_AUTORELEASING = YES;
				CLANG_WARN_BOOL_CONVERSION = YES;
				CLANG_WARN_COMMA = YES;
				CLANG_WARN_CONSTANT_CONVERSION = YES;
				CLANG_WARN_DEPRECATED_OBJC_IMPLEMENTATIONS = YES;
				CLANG_WARN_DIRECT_OBJC_ISA_USAGE = YES_ERROR;
				CLANG_WARN_DOCUMENTATION_COMMENTS = YES;
				CLANG_WARN_EMPTY_BODY = YES;
				CLANG_WARN_ENUM_CONVERSION = YES;
				CLANG_WARN_INFINITE_RECURSION = YES;
				CLANG_WARN_INT_CONVERSION = YES;
				CLANG_WARN_NON_LITERAL_NULL_CONVERSION = YES;
				CLANG_WARN_OBJC_IMPLICIT_RETAIN_SELF = YES;
				CLANG_WARN_OBJC_LITERAL_CONVERSION = YES;
				CLANG_WARN_OBJC_ROOT_CLASS = YES_ERROR;
				CLANG_WARN_QUOTED_INCLUDE_IN_FRAMEWORK_HEADER = YES;
				CLANG_WARN_RANGE_LOOP_ANALYSIS = YES;
				CLANG_WARN_STRICT_PROTOTYPES = YES;
				CLANG_WARN_SUSPICIOUS_MOVE = YES;
				CLANG_WARN_UNGUARDED_AVAILABILITY = YES_AGGRESSIVE;
				CLANG_WARN_UNREACHABLE_CODE = YES;
				CLANG_WARN__DUPLICATE_METHOD_MATCH = YES;
				COPY_PHASE_STRIP = NO;
				DEBUG_INFORMATION_FORMAT = dwarf;
				ENABLE_STRICT_OBJC_MSGSEND = YES;
				ENABLE_TESTABILITY = YES;
				GCC_C_LANGUAGE_STANDARD = gnu11;
				GCC_DYNAMIC_NO_PIC = NO;
				GCC_NO_COMMON_BLOCKS = YES;
				GCC_OPTIMIZATION_LEVEL = 0;
				GCC_PREPROCESSOR_DEFINITIONS = (
					"DEBUG=1",
					"$(inherited)",
				);
				GCC_WARN_64_TO_32_BIT_CONVERSION = YES;
				GCC_WARN_ABOUT_RETURN_TYPE = YES_ERROR;
				GCC_WARN_UNDECLARED_SELECTOR = YES;
				GCC_WARN_UNINITIALIZED_AUTOS = YES_AGGRESSIVE;
				GCC_WARN_UNUSED_FUNCTION = YES;
				GCC_WARN_UNUSED_VARIABLE = YES;
				IPHONEOS_DEPLOYMENT_TARGET = 16.1;
				MTL_ENABLE_DEBUG_INFO = INCLUDE_SOURCE;
				MTL_FAST_MATH = YES;
				ONLY_ACTIVE_ARCH = YES;
				SDKROOT = iphoneos;
				SWIFT_ACTIVE_COMPILATION_CONDITIONS = DEBUG;
				SWIFT_OPTIMIZATION_LEVEL = "-Onone";
			};
			name = Debug;
		};
		AF60F98B2923EF84004177F2 /* Release */ = {
			isa = XCBuildConfiguration;
			buildSettings = {
				ALWAYS_SEARCH_USER_PATHS = NO;
				CLANG_ANALYZER_NONNULL = YES;
				CLANG_ANALYZER_NUMBER_OBJECT_CONVERSION = YES_AGGRESSIVE;
				CLANG_CXX_LANGUAGE_STANDARD = "gnu++20";
				CLANG_ENABLE_MODULES = YES;
				CLANG_ENABLE_OBJC_ARC = YES;
				CLANG_ENABLE_OBJC_WEAK = YES;
				CLANG_WARN_BLOCK_CAPTURE_AUTORELEASING = YES;
				CLANG_WARN_BOOL_CONVERSION = YES;
				CLANG_WARN_COMMA = YES;
				CLANG_WARN_CONSTANT_CONVERSION = YES;
				CLANG_WARN_DEPRECATED_OBJC_IMPLEMENTATIONS = YES;
				CLANG_WARN_DIRECT_OBJC_ISA_USAGE = YES_ERROR;
				CLANG_WARN_DOCUMENTATION_COMMENTS = YES;
				CLANG_WARN_EMPTY_BODY = YES;
				CLANG_WARN_ENUM_CONVERSION = YES;
				CLANG_WARN_INFINITE_RECURSION = YES;
				CLANG_WARN_INT_CONVERSION = YES;
				CLANG_WARN_NON_LITERAL_NULL_CONVERSION = YES;
				CLANG_WARN_OBJC_IMPLICIT_RETAIN_SELF = YES;
				CLANG_WARN_OBJC_LITERAL_CONVERSION = YES;
				CLANG_WARN_OBJC_ROOT_CLASS = YES_ERROR;
				CLANG_WARN_QUOTED_INCLUDE_IN_FRAMEWORK_HEADER = YES;
				CLANG_WARN_RANGE_LOOP_ANALYSIS = YES;
				CLANG_WARN_STRICT_PROTOTYPES = YES;
				CLANG_WARN_SUSPICIOUS_MOVE = YES;
				CLANG_WARN_UNGUARDED_AVAILABILITY = YES_AGGRESSIVE;
				CLANG_WARN_UNREACHABLE_CODE = YES;
				CLANG_WARN__DUPLICATE_METHOD_MATCH = YES;
				COPY_PHASE_STRIP = NO;
				DEBUG_INFORMATION_FORMAT = "dwarf-with-dsym";
				ENABLE_NS_ASSERTIONS = NO;
				ENABLE_STRICT_OBJC_MSGSEND = YES;
				GCC_C_LANGUAGE_STANDARD = gnu11;
				GCC_NO_COMMON_BLOCKS = YES;
				GCC_WARN_64_TO_32_BIT_CONVERSION = YES;
				GCC_WARN_ABOUT_RETURN_TYPE = YES_ERROR;
				GCC_WARN_UNDECLARED_SELECTOR = YES;
				GCC_WARN_UNINITIALIZED_AUTOS = YES_AGGRESSIVE;
				GCC_WARN_UNUSED_FUNCTION = YES;
				GCC_WARN_UNUSED_VARIABLE = YES;
				IPHONEOS_DEPLOYMENT_TARGET = 16.1;
				MTL_ENABLE_DEBUG_INFO = NO;
				MTL_FAST_MATH = YES;
				SDKROOT = iphoneos;
				SWIFT_COMPILATION_MODE = wholemodule;
				SWIFT_OPTIMIZATION_LEVEL = "-O";
				VALIDATE_PRODUCT = YES;
			};
			name = Release;
		};
		AF60F98D2923EF84004177F2 /* Debug */ = {
			isa = XCBuildConfiguration;
			buildSettings = {
				ASSETCATALOG_COMPILER_APPICON_NAME = AppIcon;
				ASSETCATALOG_COMPILER_GLOBAL_ACCENT_COLOR_NAME = AccentColor;
				CODE_SIGN_STYLE = Automatic;
				CURRENT_PROJECT_VERSION = 1;
				DEVELOPMENT_TEAM = 7B475922E3;
				GENERATE_INFOPLIST_FILE = YES;
				INFOPLIST_FILE = EventsApp/Info.plist;
				INFOPLIST_KEY_UIApplicationSupportsIndirectInputEvents = YES;
				INFOPLIST_KEY_UILaunchStoryboardName = LaunchScreen;
				INFOPLIST_KEY_UIMainStoryboardFile = "";
				INFOPLIST_KEY_UISupportedInterfaceOrientations_iPad = "UIInterfaceOrientationPortrait UIInterfaceOrientationPortraitUpsideDown UIInterfaceOrientationLandscapeLeft UIInterfaceOrientationLandscapeRight";
				INFOPLIST_KEY_UISupportedInterfaceOrientations_iPhone = "UIInterfaceOrientationPortrait UIInterfaceOrientationLandscapeLeft UIInterfaceOrientationLandscapeRight";
				LD_RUNPATH_SEARCH_PATHS = (
					"$(inherited)",
					"@executable_path/Frameworks",
				);
				MARKETING_VERSION = 1.0;
				PRODUCT_BUNDLE_IDENTIFIER = com.arturremizov.EventsApp;
				PRODUCT_NAME = "$(TARGET_NAME)";
				SWIFT_EMIT_LOC_STRINGS = YES;
				SWIFT_VERSION = 5.0;
				TARGETED_DEVICE_FAMILY = "1,2";
			};
			name = Debug;
		};
		AF60F98E2923EF84004177F2 /* Release */ = {
			isa = XCBuildConfiguration;
			buildSettings = {
				ASSETCATALOG_COMPILER_APPICON_NAME = AppIcon;
				ASSETCATALOG_COMPILER_GLOBAL_ACCENT_COLOR_NAME = AccentColor;
				CODE_SIGN_STYLE = Automatic;
				CURRENT_PROJECT_VERSION = 1;
				DEVELOPMENT_TEAM = 7B475922E3;
				GENERATE_INFOPLIST_FILE = YES;
				INFOPLIST_FILE = EventsApp/Info.plist;
				INFOPLIST_KEY_UIApplicationSupportsIndirectInputEvents = YES;
				INFOPLIST_KEY_UILaunchStoryboardName = LaunchScreen;
				INFOPLIST_KEY_UIMainStoryboardFile = "";
				INFOPLIST_KEY_UISupportedInterfaceOrientations_iPad = "UIInterfaceOrientationPortrait UIInterfaceOrientationPortraitUpsideDown UIInterfaceOrientationLandscapeLeft UIInterfaceOrientationLandscapeRight";
				INFOPLIST_KEY_UISupportedInterfaceOrientations_iPhone = "UIInterfaceOrientationPortrait UIInterfaceOrientationLandscapeLeft UIInterfaceOrientationLandscapeRight";
				LD_RUNPATH_SEARCH_PATHS = (
					"$(inherited)",
					"@executable_path/Frameworks",
				);
				MARKETING_VERSION = 1.0;
				PRODUCT_BUNDLE_IDENTIFIER = com.arturremizov.EventsApp;
				PRODUCT_NAME = "$(TARGET_NAME)";
				SWIFT_EMIT_LOC_STRINGS = YES;
				SWIFT_VERSION = 5.0;
				TARGETED_DEVICE_FAMILY = "1,2";
			};
			name = Release;
		};
/* End XCBuildConfiguration section */

/* Begin XCConfigurationList section */
		AF60F9732923EF83004177F2 /* Build configuration list for PBXProject "EventsApp" */ = {
			isa = XCConfigurationList;
			buildConfigurations = (
				AF60F98A2923EF84004177F2 /* Debug */,
				AF60F98B2923EF84004177F2 /* Release */,
			);
			defaultConfigurationIsVisible = 0;
			defaultConfigurationName = Release;
		};
		AF60F98C2923EF84004177F2 /* Build configuration list for PBXNativeTarget "EventsApp" */ = {
			isa = XCConfigurationList;
			buildConfigurations = (
				AF60F98D2923EF84004177F2 /* Debug */,
				AF60F98E2923EF84004177F2 /* Release */,
			);
			defaultConfigurationIsVisible = 0;
			defaultConfigurationName = Release;
		};
/* End XCConfigurationList section */

/* Begin XCVersionGroup section */
		AF6A20322924170600D26F4B /* EventsApp.xcdatamodeld */ = {
			isa = XCVersionGroup;
			children = (
				AF6A20332924170600D26F4B /* EventsApp.xcdatamodel */,
			);
			currentVersion = AF6A20332924170600D26F4B /* EventsApp.xcdatamodel */;
			path = EventsApp.xcdatamodeld;
			sourceTree = "<group>";
			versionGroupType = wrapper.xcdatamodel;
		};
/* End XCVersionGroup section */
	};
	rootObject = AF60F9702923EF83004177F2 /* Project object */;
}
